
Microsoft Visual Studio Solution File, Format Version 12.00
# Visual Studio Version 16
VisualStudioVersion = 16.0.29411.108
MinimumVisualStudioVersion = 10.0.40219.1
Project("{FAE04EC0-301F-11D3-BF4B-00C04F79EFBC}") = "BiofeebackDrivingSimulator", "BiofeebackDrivingSimulator\BiofeebackDrivingSimulator.csproj", "{65570453-5659-4BC7-86F1-FB3E5720A6A2}"
EndProject
Project("{FAE04EC0-301F-11D3-BF4B-00C04F79EFBC}") = "UnitTestProjectBiofeedback", "UnitTestProjectBiofeedback\UnitTestProjectBiofeedback.csproj", "{55B1ADF2-F72F-4CC9-96E7-4786FCD11DA6}"
EndProject
Global
	GlobalSection(SolutionConfigurationPlatforms) = preSolution
		Debug|Any CPU = Debug|Any CPU
		Release|Any CPU = Release|Any CPU
	EndGlobalSection
	GlobalSection(ProjectConfigurationPlatforms) = postSolution
		{65570453-5659-4BC7-86F1-FB3E5720A6A2}.Debug|Any CPU.ActiveCfg = Debug|Any CPU
		{65570453-5659-4BC7-86F1-FB3E5720A6A2}.Debug|Any CPU.Build.0 = Debug|Any CPU
		{65570453-5659-4BC7-86F1-FB3E5720A6A2}.Release|Any CPU.ActiveCfg = Release|Any CPU
		{65570453-5659-4BC7-86F1-FB3E5720A6A2}.Release|Any CPU.Build.0 = Release|Any CPU
		{55B1ADF2-F72F-4CC9-96E7-4786FCD11DA6}.Debug|Any CPU.ActiveCfg = Debug|Any CPU
		{55B1ADF2-F72F-4CC9-96E7-4786FCD11DA6}.Debug|Any CPU.Build.0 = Debug|Any CPU
		{55B1ADF2-F72F-4CC9-96E7-4786FCD11DA6}.Release|Any CPU.ActiveCfg = Release|Any CPU
		{55B1ADF2-F72F-4CC9-96E7-4786FCD11DA6}.Release|Any CPU.Build.0 = Release|Any CPU
	EndGlobalSection
	GlobalSection(SolutionProperties) = preSolution
		HideSolutionNode = FALSE
	EndGlobalSection
	GlobalSection(ExtensibilityGlobals) = postSolution
		SolutionGuid = {6FD57588-88D5-4667-B077-31AED16638AE}
	EndGlobalSection
EndGlobal
